<?xml version="1.0" encoding="utf-8"?>
<Project ToolsVersion="4.0" xmlns="http://schemas.microsoft.com/developer/msbuild/2003">
  <ItemGroup>
    <Filter Include="Source Files">
      <UniqueIdentifier>{4FC737F1-C7A5-4376-A066-2A32D752A2FF}</UniqueIdentifier>
      <Extensions>cpp;c;cc;cxx;def;odl;idl;hpj;bat;asm;asmx</Extensions>
    </Filter>
    <Filter Include="Header Files">
      <UniqueIdentifier>{93995380-89BD-4b04-88EB-625FBE52EBFB}</UniqueIdentifier>
      <Extensions>h;hh;hpp;hxx;hm;inl;inc;xsd</Extensions>
    </Filter>
    <Filter Include="Resource Files">
      <UniqueIdentifier>{67DA6AB6-F800-4c08-8B7A-83BB121AAD01}</UniqueIdentifier>
      <Extensions>rc;ico;cur;bmp;dlg;rc2;rct;bin;rgs;gif;jpg;jpeg;jpe;resx;tiff;tif;png;wav;mfcribbon-ms</Extensions>
    </Filter>
    <Filter Include="Header Files\Behaviour">
      <UniqueIdentifier>{8c2d590f-6d5a-488e-8ab7-7d11761d0e46}</UniqueIdentifier>
    </Filter>
    <Filter Include="Source Files\Behaviour">
      <UniqueIdentifier>{72eb77e0-a57f-436c-af59-268160a4bb1b}</UniqueIdentifier>
    </Filter>
    <Filter Include="Header Files\Graph">
      <UniqueIdentifier>{ba0bde72-2824-4e8a-8008-42294116fd30}</UniqueIdentifier>
    </Filter>
    <Filter Include="Source Files\Graph">
      <UniqueIdentifier>{27d6a61c-9c8d-4bd9-8253-c3a2de0410de}</UniqueIdentifier>
    </Filter>
    <Filter Include="Header Files\Objects">
      <UniqueIdentifier>{124c3420-e798-4bd4-98da-859d2cc6a176}</UniqueIdentifier>
    </Filter>
    <Filter Include="Source Files\Object">
      <UniqueIdentifier>{659a3e36-bf10-4d71-a96b-d694a2895f0e}</UniqueIdentifier>
    </Filter>
  </ItemGroup>
  <ItemGroup>
    <ClCompile Include="AI_pathfindingApp.cpp">
      <Filter>Source Files</Filter>
    </ClCompile>
    <ClCompile Include="main.cpp">
      <Filter>Source Files</Filter>
    </ClCompile>
    <ClCompile Include="Agent.cpp">
      <Filter>Source Files</Filter>
    </ClCompile>
    <ClCompile Include="KeyBoardController.cpp">
      <Filter>Source Files</Filter>
    </ClCompile>
    <ClCompile Include="StateMachine.cpp">
      <Filter>Source Files</Filter>
    </ClCompile>
    <ClCompile Include="FleeState.cpp">
      <Filter>Source Files\Behaviour</Filter>
    </ClCompile>
    <ClCompile Include="FollowBehaviour.cpp">
      <Filter>Source Files\Behaviour</Filter>
    </ClCompile>
    <ClCompile Include="IBehavior.cpp">
      <Filter>Source Files\Behaviour</Filter>
    </ClCompile>
    <ClCompile Include="SeekBehaviour.cpp">
      <Filter>Source Files\Behaviour</Filter>
    </ClCompile>
    <ClCompile Include="WanderState.cpp">
      <Filter>Source Files\Behaviour</Filter>
    </ClCompile>
    <ClCompile Include="Graph.cpp">
      <Filter>Source Files\Graph</Filter>
    </ClCompile>
    <ClCompile Include="GraphEdge.cpp">
      <Filter>Source Files\Graph</Filter>
    </ClCompile>
    <ClCompile Include="GraphNode.cpp">
      <Filter>Source Files\Graph</Filter>
    </ClCompile>
    <ClCompile Include="SceneObject.cpp">
      <Filter>Source Files\Object</Filter>
    </ClCompile>
    <ClCompile Include="GameObject.cpp">
      <Filter>Source Files\Object</Filter>
    </ClCompile>
    <ClCompile Include="SpriteObject.cpp">
      <Filter>Source Files\Object</Filter>
    </ClCompile>
  </ItemGroup>
  <ItemGroup>
    <ClInclude Include="AI_pathfindingApp.h">
      <Filter>Header Files</Filter>
    </ClInclude>
    <ClInclude Include="Agent.h">
      <Filter>Header Files</Filter>
    </ClInclude>
    <ClInclude Include="KeyBoardController.h">
      <Filter>Header Files</Filter>
    </ClInclude>
    <ClInclude Include="State.h">
      <Filter>Header Files</Filter>
    </ClInclude>
    <ClInclude Include="StateMachine.h">
      <Filter>Header Files</Filter>
    </ClInclude>
    <ClInclude Include="IBehavior.h">
      <Filter>Header Files\Behaviour</Filter>
    </ClInclude>
    <ClInclude Include="FleeState.h">
      <Filter>Header Files\Behaviour</Filter>
    </ClInclude>
    <ClInclude Include="FollowBehaviour.h">
      <Filter>Header Files\Behaviour</Filter>
    </ClInclude>
    <ClInclude Include="SeekBehaviour.h">
      <Filter>Header Files\Behaviour</Filter>
    </ClInclude>
    <ClInclude Include="WanderState.h">
      <Filter>Header Files\Behaviour</Filter>
    </ClInclude>
    <ClInclude Include="Graph.h">
      <Filter>Header Files\Graph</Filter>
    </ClInclude>
    <ClInclude Include="GraphEdge.h">
      <Filter>Header Files\Graph</Filter>
    </ClInclude>
    <ClInclude Include="GraphNode.h">
      <Filter>Header Files\Graph</Filter>
    </ClInclude>
    <ClInclude Include="GameObject.h">
      <Filter>Header Files\Objects</Filter>
    </ClInclude>
    <ClInclude Include="SceneObject.h">
      <Filter>Header Files\Objects</Filter>
    </ClInclude>
    <ClInclude Include="SpriteObject.h">
      <Filter>Header Files\Objects</Filter>
    </ClInclude>
  </ItemGroup>
</Project>